
Microsoft Visual Studio Solution File, Format Version 12.00
# Visual Studio Version 17
VisualStudioVersion = 17.14.36414.22
MinimumVisualStudioVersion = 10.0.40219.1
Project("{FAE04EC0-301F-11D3-BF4B-00C04F79EFBC}") = "PRService.API", "PRService.API.csproj", "{6AC36887-6EB0-49B1-93AF-23EA3220A343}"
EndProject
Project("{FAE04EC0-301F-11D3-BF4B-00C04F79EFBC}") = "PRService.Application", "..\PRService.Application\PRService.Application.csproj", "{8FAF116E-2D34-43C2-A2CA-8091C9F1C239}"
EndProject
Project("{FAE04EC0-301F-11D3-BF4B-00C04F79EFBC}") = "PRService.Domain", "..\PRService.Domain\PRService.Domain.csproj", "{C3F7C4B5-220F-4FF8-8FBD-80C99F5354D0}"
EndProject
Project("{2150E333-8FDC-42A3-9474-1A3956D46DE8}") = "docs", "docs", "{02EA681E-C7D8-13C7-8484-4AC65E1B71E8}"
	ProjectSection(SolutionItems) = preProject
		README.md = README.md
	EndProjectSection
EndProject
Project("{2150E333-8FDC-42A3-9474-1A3956D46DE8}") = "diagrams", "diagrams", "{6EE1B5D0-126E-468E-A397-AB6CBA0E58F0}"
	ProjectSection(SolutionItems) = preProject
		pr-sequence-diagram.puml = pr-sequence-diagram.puml
	EndProjectSection
EndProject
Project("{FAE04EC0-301F-11D3-BF4B-00C04F79EFBC}") = "PRService.Infrastructure", "..\PRService.Infrastructure\PRService.Infrastructure.csproj", "{78F61EAE-FD39-4620-9A4D-03FB2E567C7B}"
EndProject
Project("{FAE04EC0-301F-11D3-BF4B-00C04F79EFBC}") = "RFQService.API", "..\RFQService\RFQService.API\RFQService.API.csproj", "{A548B9AD-F068-455D-935D-264C204DA4D9}"
EndProject
Project("{FAE04EC0-301F-11D3-BF4B-00C04F79EFBC}") = "RFQService.Domain", "..\RFQService\RFQService.Domain\RFQService.Domain.csproj", "{AA23B831-A134-47E3-80B2-F8FABFA8EEA1}"
EndProject
Project("{FAE04EC0-301F-11D3-BF4B-00C04F79EFBC}") = "RFQService.Infrastructure", "..\RFQService\RFQService.Infrastructure\RFQService.Infrastructure.csproj", "{1B955A34-2D37-4144-AC55-12B293CE9400}"
EndProject
Project("{FAE04EC0-301F-11D3-BF4B-00C04F79EFBC}") = "RFQService.Application", "..\RFQService\RFQService.Application\RFQService.Application.csproj", "{FAC8212B-EB81-46C6-9A9F-F0A717FFB8B5}"
EndProject
Global
	GlobalSection(SolutionConfigurationPlatforms) = preSolution
		Debug|Any CPU = Debug|Any CPU
		Release|Any CPU = Release|Any CPU
	EndGlobalSection
	GlobalSection(ProjectConfigurationPlatforms) = postSolution
		{6AC36887-6EB0-49B1-93AF-23EA3220A343}.Debug|Any CPU.ActiveCfg = Debug|Any CPU
		{6AC36887-6EB0-49B1-93AF-23EA3220A343}.Debug|Any CPU.Build.0 = Debug|Any CPU
		{6AC36887-6EB0-49B1-93AF-23EA3220A343}.Release|Any CPU.ActiveCfg = Release|Any CPU
		{6AC36887-6EB0-49B1-93AF-23EA3220A343}.Release|Any CPU.Build.0 = Release|Any CPU
		{8FAF116E-2D34-43C2-A2CA-8091C9F1C239}.Debug|Any CPU.ActiveCfg = Debug|Any CPU
		{8FAF116E-2D34-43C2-A2CA-8091C9F1C239}.Debug|Any CPU.Build.0 = Debug|Any CPU
		{8FAF116E-2D34-43C2-A2CA-8091C9F1C239}.Release|Any CPU.ActiveCfg = Release|Any CPU
		{8FAF116E-2D34-43C2-A2CA-8091C9F1C239}.Release|Any CPU.Build.0 = Release|Any CPU
		{C3F7C4B5-220F-4FF8-8FBD-80C99F5354D0}.Debug|Any CPU.ActiveCfg = Debug|Any CPU
		{C3F7C4B5-220F-4FF8-8FBD-80C99F5354D0}.Debug|Any CPU.Build.0 = Debug|Any CPU
		{C3F7C4B5-220F-4FF8-8FBD-80C99F5354D0}.Release|Any CPU.ActiveCfg = Release|Any CPU
		{C3F7C4B5-220F-4FF8-8FBD-80C99F5354D0}.Release|Any CPU.Build.0 = Release|Any CPU
		{78F61EAE-FD39-4620-9A4D-03FB2E567C7B}.Debug|Any CPU.ActiveCfg = Debug|Any CPU
		{78F61EAE-FD39-4620-9A4D-03FB2E567C7B}.Debug|Any CPU.Build.0 = Debug|Any CPU
		{78F61EAE-FD39-4620-9A4D-03FB2E567C7B}.Release|Any CPU.ActiveCfg = Release|Any CPU
		{78F61EAE-FD39-4620-9A4D-03FB2E567C7B}.Release|Any CPU.Build.0 = Release|Any CPU
		{A548B9AD-F068-455D-935D-264C204DA4D9}.Debug|Any CPU.ActiveCfg = Debug|Any CPU
		{A548B9AD-F068-455D-935D-264C204DA4D9}.Debug|Any CPU.Build.0 = Debug|Any CPU
		{A548B9AD-F068-455D-935D-264C204DA4D9}.Release|Any CPU.ActiveCfg = Release|Any CPU
		{A548B9AD-F068-455D-935D-264C204DA4D9}.Release|Any CPU.Build.0 = Release|Any CPU
		{AA23B831-A134-47E3-80B2-F8FABFA8EEA1}.Debug|Any CPU.ActiveCfg = Debug|Any CPU
		{AA23B831-A134-47E3-80B2-F8FABFA8EEA1}.Debug|Any CPU.Build.0 = Debug|Any CPU
		{AA23B831-A134-47E3-80B2-F8FABFA8EEA1}.Release|Any CPU.ActiveCfg = Release|Any CPU
		{AA23B831-A134-47E3-80B2-F8FABFA8EEA1}.Release|Any CPU.Build.0 = Release|Any CPU
		{1B955A34-2D37-4144-AC55-12B293CE9400}.Debug|Any CPU.ActiveCfg = Debug|Any CPU
		{1B955A34-2D37-4144-AC55-12B293CE9400}.Debug|Any CPU.Build.0 = Debug|Any CPU
		{1B955A34-2D37-4144-AC55-12B293CE9400}.Release|Any CPU.ActiveCfg = Release|Any CPU
		{1B955A34-2D37-4144-AC55-12B293CE9400}.Release|Any CPU.Build.0 = Release|Any CPU
		{FAC8212B-EB81-46C6-9A9F-F0A717FFB8B5}.Debug|Any CPU.ActiveCfg = Debug|Any CPU
		{FAC8212B-EB81-46C6-9A9F-F0A717FFB8B5}.Debug|Any CPU.Build.0 = Debug|Any CPU
		{FAC8212B-EB81-46C6-9A9F-F0A717FFB8B5}.Release|Any CPU.ActiveCfg = Release|Any CPU
		{FAC8212B-EB81-46C6-9A9F-F0A717FFB8B5}.Release|Any CPU.Build.0 = Release|Any CPU
	EndGlobalSection
	GlobalSection(SolutionProperties) = preSolution
		HideSolutionNode = FALSE
	EndGlobalSection
	GlobalSection(NestedProjects) = preSolution
		{6EE1B5D0-126E-468E-A397-AB6CBA0E58F0} = {02EA681E-C7D8-13C7-8484-4AC65E1B71E8}
	EndGlobalSection
	GlobalSection(ExtensibilityGlobals) = postSolution
		SolutionGuid = {76C23328-C28E-49E4-AD6C-8813FB6517E7}
	EndGlobalSection
EndGlobal
